// !$*UTF8*$!
{
	archiveVersion = 1;
	classes = {
	};
	objectVersion = 50;
	objects = {

/* Begin PBXBuildFile section */
		CEE47449263411C800CEEC7E /* LandsmarkApp.swift in Sources */ = {isa = PBXBuildFile; fileRef = CEE47448263411C800CEEC7E /* LandsmarkApp.swift */; };
		CEE4744B263411C800CEEC7E /* ContentView.swift in Sources */ = {isa = PBXBuildFile; fileRef = CEE4744A263411C800CEEC7E /* ContentView.swift */; };
		CEE4744D263411CA00CEEC7E /* Assets.xcassets in Resources */ = {isa = PBXBuildFile; fileRef = CEE4744C263411CA00CEEC7E /* Assets.xcassets */; };
		CEE47450263411CA00CEEC7E /* Preview Assets.xcassets in Resources */ = {isa = PBXBuildFile; fileRef = CEE4744F263411CA00CEEC7E /* Preview Assets.xcassets */; };
		CEE4745A26341A7A00CEEC7E /* MapView.swift in Sources */ = {isa = PBXBuildFile; fileRef = CEE4745926341A7A00CEEC7E /* MapView.swift */; };
		CEE4745F2634282E00CEEC7E /* landmarkData.json in Resources */ = {isa = PBXBuildFile; fileRef = CEE4745E2634282E00CEEC7E /* landmarkData.json */; };
		CEE47468263428D500CEEC7E /* Landmark.swift in Sources */ = {isa = PBXBuildFile; fileRef = CEE47467263428D500CEEC7E /* Landmark.swift */; };
		CEE4748326342A7400CEEC7E /* ModelData.swift in Sources */ = {isa = PBXBuildFile; fileRef = CEE4748226342A7400CEEC7E /* ModelData.swift */; };
		CEE4748626342C3100CEEC7E /* LandmarkRow.swift in Sources */ = {isa = PBXBuildFile; fileRef = CEE4748526342C3100CEEC7E /* LandmarkRow.swift */; };
		CEE4748926342EEE00CEEC7E /* LandmarkList.swift in Sources */ = {isa = PBXBuildFile; fileRef = CEE4748826342EEE00CEEC7E /* LandmarkList.swift */; };
		CEE4748C26347AE000CEEC7E /* LandmarkDetail.swift in Sources */ = {isa = PBXBuildFile; fileRef = CEE4748B26347AE000CEEC7E /* LandmarkDetail.swift */; };
		CEE4748F26347EF600CEEC7E /* CircleImage.swift in Sources */ = {isa = PBXBuildFile; fileRef = CEE4748E26347EF600CEEC7E /* CircleImage.swift */; };
		CEE47493263499C100CEEC7E /* FavoriteButton.swift in Sources */ = {isa = PBXBuildFile; fileRef = CEE47492263499C100CEEC7E /* FavoriteButton.swift */; };
/* End PBXBuildFile section */

/* Begin PBXFileReference section */
		CEE47445263411C800CEEC7E /* Landsmark.app */ = {isa = PBXFileReference; explicitFileType = wrapper.application; includeInIndex = 0; path = Landsmark.app; sourceTree = BUILT_PRODUCTS_DIR; };
		CEE47448263411C800CEEC7E /* LandsmarkApp.swift */ = {isa = PBXFileReference; lastKnownFileType = sourcecode.swift; path = LandsmarkApp.swift; sourceTree = "<group>"; };
		CEE4744A263411C800CEEC7E /* ContentView.swift */ = {isa = PBXFileReference; lastKnownFileType = sourcecode.swift; path = ContentView.swift; sourceTree = "<group>"; };
		CEE4744C263411CA00CEEC7E /* Assets.xcassets */ = {isa = PBXFileReference; lastKnownFileType = folder.assetcatalog; path = Assets.xcassets; sourceTree = "<group>"; };
		CEE4744F263411CA00CEEC7E /* Preview Assets.xcassets */ = {isa = PBXFileReference; lastKnownFileType = folder.assetcatalog; path = "Preview Assets.xcassets"; sourceTree = "<group>"; };
		CEE47451263411CA00CEEC7E /* Info.plist */ = {isa = PBXFileReference; lastKnownFileType = text.plist.xml; path = Info.plist; sourceTree = "<group>"; };
		CEE4745926341A7A00CEEC7E /* MapView.swift */ = {isa = PBXFileReference; lastKnownFileType = sourcecode.swift; path = MapView.swift; sourceTree = "<group>"; };
		CEE4745E2634282E00CEEC7E /* landmarkData.json */ = {isa = PBXFileReference; fileEncoding = 4; lastKnownFileType = text.json; path = landmarkData.json; sourceTree = "<group>"; };
		CEE47467263428D500CEEC7E /* Landmark.swift */ = {isa = PBXFileReference; lastKnownFileType = sourcecode.swift; path = Landmark.swift; sourceTree = "<group>"; };
		CEE4748226342A7400CEEC7E /* ModelData.swift */ = {isa = PBXFileReference; lastKnownFileType = sourcecode.swift; path = ModelData.swift; sourceTree = "<group>"; };
		CEE4748526342C3100CEEC7E /* LandmarkRow.swift */ = {isa = PBXFileReference; lastKnownFileType = sourcecode.swift; path = LandmarkRow.swift; sourceTree = "<group>"; };
		CEE4748826342EEE00CEEC7E /* LandmarkList.swift */ = {isa = PBXFileReference; lastKnownFileType = sourcecode.swift; path = LandmarkList.swift; sourceTree = "<group>"; };
		CEE4748B26347AE000CEEC7E /* LandmarkDetail.swift */ = {isa = PBXFileReference; lastKnownFileType = sourcecode.swift; path = LandmarkDetail.swift; sourceTree = "<group>"; };
		CEE4748E26347EF600CEEC7E /* CircleImage.swift */ = {isa = PBXFileReference; lastKnownFileType = sourcecode.swift; path = CircleImage.swift; sourceTree = "<group>"; };
		CEE47492263499C100CEEC7E /* FavoriteButton.swift */ = {isa = PBXFileReference; lastKnownFileType = sourcecode.swift; path = FavoriteButton.swift; sourceTree = "<group>"; };
/* End PBXFileReference section */

/* Begin PBXFrameworksBuildPhase section */
		CEE47442263411C800CEEC7E /* Frameworks */ = {
			isa = PBXFrameworksBuildPhase;
			buildActionMask = 2147483647;
			files = (
			);
			runOnlyForDeploymentPostprocessing = 0;
		};
/* End PBXFrameworksBuildPhase section */

/* Begin PBXGroup section */
		CEE4743C263411C800CEEC7E = {
			isa = PBXGroup;
			children = (
				CEE47447263411C800CEEC7E /* Landsmark */,
				CEE47446263411C800CEEC7E /* Products */,
			);
			sourceTree = "<group>";
		};
		CEE47446263411C800CEEC7E /* Products */ = {
			isa = PBXGroup;
			children = (
				CEE47445263411C800CEEC7E /* Landsmark.app */,
			);
			name = Products;
			sourceTree = "<group>";
		};
		CEE47447263411C800CEEC7E /* Landsmark */ = {
			isa = PBXGroup;
			children = (
				CEE47466263428B800CEEC7E /* models */,
				CEE474642634289500CEEC7E /* views */,
				CEE474612634286000CEEC7E /* Resources */,
				CEE47448263411C800CEEC7E /* LandsmarkApp.swift */,
				CEE4744C263411CA00CEEC7E /* Assets.xcassets */,
				CEE47451263411CA00CEEC7E /* Info.plist */,
				CEE4744E263411CA00CEEC7E /* Preview Content */,
			);
			path = Landsmark;
			sourceTree = "<group>";
		};
		CEE4744E263411CA00CEEC7E /* Preview Content */ = {
			isa = PBXGroup;
			children = (
				CEE4744F263411CA00CEEC7E /* Preview Assets.xcassets */,
			);
			path = "Preview Content";
			sourceTree = "<group>";
		};
		CEE474612634286000CEEC7E /* Resources */ = {
			isa = PBXGroup;
			children = (
				CEE4745E2634282E00CEEC7E /* landmarkData.json */,
			);
			path = Resources;
			sourceTree = "<group>";
		};
		CEE474642634289500CEEC7E /* views */ = {
			isa = PBXGroup;
			children = (
				CEE4745926341A7A00CEEC7E /* MapView.swift */,
				CEE4744A263411C800CEEC7E /* ContentView.swift */,
				CEE4748526342C3100CEEC7E /* LandmarkRow.swift */,
				CEE4748826342EEE00CEEC7E /* LandmarkList.swift */,
				CEE4748B26347AE000CEEC7E /* LandmarkDetail.swift */,
				CEE4748E26347EF600CEEC7E /* CircleImage.swift */,
				CEE47492263499C100CEEC7E /* FavoriteButton.swift */,
			);
			path = views;
			sourceTree = "<group>";
		};
		CEE47466263428B800CEEC7E /* models */ = {
			isa = PBXGroup;
			children = (
				CEE47467263428D500CEEC7E /* Landmark.swift */,
				CEE4748226342A7400CEEC7E /* ModelData.swift */,
			);
			path = models;
			sourceTree = "<group>";
		};
/* End PBXGroup section */

/* Begin PBXNativeTarget section */
		CEE47444263411C800CEEC7E /* Landsmark */ = {
			isa = PBXNativeTarget;
			buildConfigurationList = CEE47454263411CA00CEEC7E /* Build configuration list for PBXNativeTarget "Landsmark" */;
			buildPhases = (
				CEE47441263411C800CEEC7E /* Sources */,
				CEE47442263411C800CEEC7E /* Frameworks */,
				CEE47443263411C800CEEC7E /* Resources */,
			);
			buildRules = (
			);
			dependencies = (
			);
			name = Landsmark;
			productName = Landsmark;
			productReference = CEE47445263411C800CEEC7E /* Landsmark.app */;
			productType = "com.apple.product-type.application";
		};
/* End PBXNativeTarget section */

/* Begin PBXProject section */
		CEE4743D263411C800CEEC7E /* Project object */ = {
			isa = PBXProject;
			attributes = {
				LastSwiftUpdateCheck = 1240;
				LastUpgradeCheck = 1240;
				TargetAttributes = {
					CEE47444263411C800CEEC7E = {
						CreatedOnToolsVersion = 12.4;
					};
				};
			};
			buildConfigurationList = CEE47440263411C800CEEC7E /* Build configuration list for PBXProject "Landsmark" */;
			compatibilityVersion = "Xcode 9.3";
			developmentRegion = en;
			hasScannedForEncodings = 0;
			knownRegions = (
				en,
				Base,
			);
			mainGroup = CEE4743C263411C800CEEC7E;
			productRefGroup = CEE47446263411C800CEEC7E /* Products */;
			projectDirPath = "";
			projectRoot = "";
			targets = (
				CEE47444263411C800CEEC7E /* Landsmark */,
			);
		};
/* End PBXProject section */

/* Begin PBXResourcesBuildPhase section */
		CEE47443263411C800CEEC7E /* Resources */ = {
			isa = PBXResourcesBuildPhase;
			buildActionMask = 2147483647;
			files = (
				CEE47450263411CA00CEEC7E /* Preview Assets.xcassets in Resources */,
				CEE4744D263411CA00CEEC7E /* Assets.xcassets in Resources */,
				CEE4745F2634282E00CEEC7E /* landmarkData.json in Resources */,
			);
			runOnlyForDeploymentPostprocessing = 0;
		};
/* End PBXResourcesBuildPhase section */

/* Begin PBXSourcesBuildPhase section */
		CEE47441263411C800CEEC7E /* Sources */ = {
			isa = PBXSourcesBuildPhase;
			buildActionMask = 2147483647;
			files = (
				CEE4744B263411C800CEEC7E /* ContentView.swift in Sources */,
				CEE4745A26341A7A00CEEC7E /* MapView.swift in Sources */,
				CEE4748626342C3100CEEC7E /* LandmarkRow.swift in Sources */,
				CEE47493263499C100CEEC7E /* FavoriteButton.swift in Sources */,
				CEE4748926342EEE00CEEC7E /* LandmarkList.swift in Sources */,
				CEE4748C26347AE000CEEC7E /* LandmarkDetail.swift in Sources */,
				CEE4748F26347EF600CEEC7E /* CircleImage.swift in Sources */,
				CEE4748326342A7400CEEC7E /* ModelData.swift in Sources */,
				CEE47449263411C800CEEC7E /* LandsmarkApp.swift in Sources */,
				CEE47468263428D500CEEC7E /* Landmark.swift in Sources */,
			);
			runOnlyForDeploymentPostprocessing = 0;
		};
/* End PBXSourcesBuildPhase section */

/* Begin XCBuildConfiguration section */
		CEE47452263411CA00CEEC7E /* Debug */ = {
			isa = XCBuildConfiguration;
			buildSettings = {
				ALWAYS_SEARCH_USER_PATHS = NO;
				CLANG_ANALYZER_NONNULL = YES;
				CLANG_ANALYZER_NUMBER_OBJECT_CONVERSION = YES_AGGRESSIVE;
				CLANG_CXX_LANGUAGE_STANDARD = "gnu++14";
				CLANG_CXX_LIBRARY = "libc++";
				CLANG_ENABLE_MODULES = YES;
				CLANG_ENABLE_OBJC_ARC = YES;
				CLANG_ENABLE_OBJC_WEAK = YES;
				CLANG_WARN_BLOCK_CAPTURE_AUTORELEASING = YES;
				CLANG_WARN_BOOL_CONVERSION = YES;
				CLANG_WARN_COMMA = YES;
				CLANG_WARN_CONSTANT_CONVERSION = YES;
				CLANG_WARN_DEPRECATED_OBJC_IMPLEMENTATIONS = YES;
				CLANG_WARN_DIRECT_OBJC_ISA_USAGE = YES_ERROR;
				CLANG_WARN_DOCUMENTATION_COMMENTS = YES;
				CLANG_WARN_EMPTY_BODY = YES;
				CLANG_WARN_ENUM_CONVERSION = YES;
				CLANG_WARN_INFINITE_RECURSION = YES;
				CLANG_WARN_INT_CONVERSION = YES;
				CLANG_WARN_NON_LITERAL_NULL_CONVERSION = YES;
				CLANG_WARN_OBJC_IMPLICIT_RETAIN_SELF = YES;
				CLANG_WARN_OBJC_LITERAL_CONVERSION = YES;
				CLANG_WARN_OBJC_ROOT_CLASS = YES_ERROR;
				CLANG_WARN_QUOTED_INCLUDE_IN_FRAMEWORK_HEADER = YES;
				CLANG_WARN_RANGE_LOOP_ANALYSIS = YES;
				CLANG_WARN_STRICT_PROTOTYPES = YES;
				CLANG_WARN_SUSPICIOUS_MOVE = YES;
				CLANG_WARN_UNGUARDED_AVAILABILITY = YES_AGGRESSIVE;
				CLANG_WARN_UNREACHABLE_CODE = YES;
				CLANG_WARN__DUPLICATE_METHOD_MATCH = YES;
				COPY_PHASE_STRIP = NO;
				DEBUG_INFORMATION_FORMAT = dwarf;
				ENABLE_STRICT_OBJC_MSGSEND = YES;
				ENABLE_TESTABILITY = YES;
				GCC_C_LANGUAGE_STANDARD = gnu11;
				GCC_DYNAMIC_NO_PIC = NO;
				GCC_NO_COMMON_BLOCKS = YES;
				GCC_OPTIMIZATION_LEVEL = 0;
				GCC_PREPROCESSOR_DEFINITIONS = (
					"DEBUG=1",
					"$(inherited)",
				);
				GCC_WARN_64_TO_32_BIT_CONVERSION = YES;
				GCC_WARN_ABOUT_RETURN_TYPE = YES_ERROR;
				GCC_WARN_UNDECLARED_SELECTOR = YES;
				GCC_WARN_UNINITIALIZED_AUTOS = YES_AGGRESSIVE;
				GCC_WARN_UNUSED_FUNCTION = YES;
				GCC_WARN_UNUSED_VARIABLE = YES;
				IPHONEOS_DEPLOYMENT_TARGET = 14.4;
				MTL_ENABLE_DEBUG_INFO = INCLUDE_SOURCE;
				MTL_FAST_MATH = YES;
				ONLY_ACTIVE_ARCH = YES;
				SDKROOT = iphoneos;
				SWIFT_ACTIVE_COMPILATION_CONDITIONS = DEBUG;
				SWIFT_OPTIMIZATION_LEVEL = "-Onone";
			};
			name = Debug;
		};
		CEE47453263411CA00CEEC7E /* Release */ = {
			isa = XCBuildConfiguration;
			buildSettings = {
				ALWAYS_SEARCH_USER_PATHS = NO;
				CLANG_ANALYZER_NONNULL = YES;
				CLANG_ANALYZER_NUMBER_OBJECT_CONVERSION = YES_AGGRESSIVE;
				CLANG_CXX_LANGUAGE_STANDARD = "gnu++14";
				CLANG_CXX_LIBRARY = "libc++";
				CLANG_ENABLE_MODULES = YES;
				CLANG_ENABLE_OBJC_ARC = YES;
				CLANG_ENABLE_OBJC_WEAK = YES;
				CLANG_WARN_BLOCK_CAPTURE_AUTORELEASING = YES;
				CLANG_WARN_BOOL_CONVERSION = YES;
				CLANG_WARN_COMMA = YES;
				CLANG_WARN_CONSTANT_CONVERSION = YES;
				CLANG_WARN_DEPRECATED_OBJC_IMPLEMENTATIONS = YES;
				CLANG_WARN_DIRECT_OBJC_ISA_USAGE = YES_ERROR;
				CLANG_WARN_DOCUMENTATION_COMMENTS = YES;
				CLANG_WARN_EMPTY_BODY = YES;
				CLANG_WARN_ENUM_CONVERSION = YES;
				CLANG_WARN_INFINITE_RECURSION = YES;
				CLANG_WARN_INT_CONVERSION = YES;
				CLANG_WARN_NON_LITERAL_NULL_CONVERSION = YES;
				CLANG_WARN_OBJC_IMPLICIT_RETAIN_SELF = YES;
				CLANG_WARN_OBJC_LITERAL_CONVERSION = YES;
				CLANG_WARN_OBJC_ROOT_CLASS = YES_ERROR;
				CLANG_WARN_QUOTED_INCLUDE_IN_FRAMEWORK_HEADER = YES;
				CLANG_WARN_RANGE_LOOP_ANALYSIS = YES;
				CLANG_WARN_STRICT_PROTOTYPES = YES;
				CLANG_WARN_SUSPICIOUS_MOVE = YES;
				CLANG_WARN_UNGUARDED_AVAILABILITY = YES_AGGRESSIVE;
				CLANG_WARN_UNREACHABLE_CODE = YES;
				CLANG_WARN__DUPLICATE_METHOD_MATCH = YES;
				COPY_PHASE_STRIP = NO;
				DEBUG_INFORMATION_FORMAT = "dwarf-with-dsym";
				ENABLE_NS_ASSERTIONS = NO;
				ENABLE_STRICT_OBJC_MSGSEND = YES;
				GCC_C_LANGUAGE_STANDARD = gnu11;
				GCC_NO_COMMON_BLOCKS = YES;
				GCC_WARN_64_TO_32_BIT_CONVERSION = YES;
				GCC_WARN_ABOUT_RETURN_TYPE = YES_ERROR;
				GCC_WARN_UNDECLARED_SELECTOR = YES;
				GCC_WARN_UNINITIALIZED_AUTOS = YES_AGGRESSIVE;
				GCC_WARN_UNUSED_FUNCTION = YES;
				GCC_WARN_UNUSED_VARIABLE = YES;
				IPHONEOS_DEPLOYMENT_TARGET = 14.4;
				MTL_ENABLE_DEBUG_INFO = NO;
				MTL_FAST_MATH = YES;
				SDKROOT = iphoneos;
				SWIFT_COMPILATION_MODE = wholemodule;
				SWIFT_OPTIMIZATION_LEVEL = "-O";
				VALIDATE_PRODUCT = YES;
			};
			name = Release;
		};
		CEE47455263411CA00CEEC7E /* Debug */ = {
			isa = XCBuildConfiguration;
			buildSettings = {
				ASSETCATALOG_COMPILER_APPICON_NAME = AppIcon;
				ASSETCATALOG_COMPILER_GLOBAL_ACCENT_COLOR_NAME = AccentColor;
				CODE_SIGN_STYLE = Automatic;
				DEVELOPMENT_ASSET_PATHS = "\"Landsmark/Preview Content\"";
				DEVELOPMENT_TEAM = 2FW324B2VR;
				ENABLE_PREVIEWS = YES;
				INFOPLIST_FILE = Landsmark/Info.plist;
				IPHONEOS_DEPLOYMENT_TARGET = 14.0;
				LD_RUNPATH_SEARCH_PATHS = (
					"$(inherited)",
					"@executable_path/Frameworks",
				);
				PRODUCT_BUNDLE_IDENTIFIER = co.maskipli.landsmark.Landsmark;
				PRODUCT_NAME = "$(TARGET_NAME)";
				SWIFT_VERSION = 5.0;
				TARGETED_DEVICE_FAMILY = "1,2";
			};
			name = Debug;
		};
		CEE47456263411CA00CEEC7E /* Release */ = {
			isa = XCBuildConfiguration;
			buildSettings = {
				ASSETCATALOG_COMPILER_APPICON_NAME = AppIcon;
				ASSETCATALOG_COMPILER_GLOBAL_ACCENT_COLOR_NAME = AccentColor;
				CODE_SIGN_STYLE = Automatic;
				DEVELOPMENT_ASSET_PATHS = "\"Landsmark/Preview Content\"";
				DEVELOPMENT_TEAM = 2FW324B2VR;
				ENABLE_PREVIEWS = YES;
				INFOPLIST_FILE = Landsmark/Info.plist;
				IPHONEOS_DEPLOYMENT_TARGET = 14.0;
				LD_RUNPATH_SEARCH_PATHS = (
					"$(inherited)",
					"@executable_path/Frameworks",
				);
				PRODUCT_BUNDLE_IDENTIFIER = co.maskipli.landsmark.Landsmark;
				PRODUCT_NAME = "$(TARGET_NAME)";
				SWIFT_VERSION = 5.0;
				TARGETED_DEVICE_FAMILY = "1,2";
			};
			name = Release;
		};
/* End XCBuildConfiguration section */

/* Begin XCConfigurationList section */
		CEE47440263411C800CEEC7E /* Build configuration list for PBXProject "Landsmark" */ = {
			isa = XCConfigurationList;
			buildConfigurations = (
				CEE47452263411CA00CEEC7E /* Debug */,
				CEE47453263411CA00CEEC7E /* Release */,
			);
			defaultConfigurationIsVisible = 0;
			defaultConfigurationName = Release;
		};
		CEE47454263411CA00CEEC7E /* Build configuration list for PBXNativeTarget "Landsmark" */ = {
			isa = XCConfigurationList;
			buildConfigurations = (
				CEE47455263411CA00CEEC7E /* Debug */,
				CEE47456263411CA00CEEC7E /* Release */,
			);
			defaultConfigurationIsVisible = 0;
			defaultConfigurationName = Release;
		};
/* End XCConfigurationList section */
	};
	rootObject = CEE4743D263411C800CEEC7E /* Project object */;
}
